
Microsoft Visual Studio Solution File, Format Version 12.00
# Visual Studio 15
VisualStudioVersion = 15.0.28307.102
MinimumVisualStudioVersion = 10.0.40219.1
Project("{FAE04EC0-301F-11D3-BF4B-00C04F79EFBC}") = "E-Mikro", "E-Mikro\E-Mikro.csproj", "{2902CEA4-B359-4062-BF60-64545092D493}"
EndProject
Global
	GlobalSection(SolutionConfigurationPlatforms) = preSolution
		Debug|Any CPU = Debug|Any CPU
		Release|Any CPU = Release|Any CPU
	EndGlobalSection
	GlobalSection(ProjectConfigurationPlatforms) = postSolution
		{2902CEA4-B359-4062-BF60-64545092D493}.Debug|Any CPU.ActiveCfg = Debug|Any CPU
		{2902CEA4-B359-4062-BF60-64545092D493}.Debug|Any CPU.Build.0 = Debug|Any CPU
		{2902CEA4-B359-4062-BF60-64545092D493}.Release|Any CPU.ActiveCfg = Release|Any CPU
		{2902CEA4-B359-4062-BF60-64545092D493}.Release|Any CPU.Build.0 = Release|Any CPU
	EndGlobalSection
	GlobalSection(SolutionProperties) = preSolution
		HideSolutionNode = FALSE
	EndGlobalSection
	GlobalSection(ExtensibilityGlobals) = postSolution
		SolutionGuid = {03025578-93F1-4487-8707-BA80779B898E}
	EndGlobalSection
EndGlobal
